
Microsoft Visual Studio Solution File, Format Version 12.00
# Visual Studio Version 17
VisualStudioVersion = 17.0.32002.185
MinimumVisualStudioVersion = 10.0.40219.1
Project("{FAE04EC0-301F-11D3-BF4B-00C04F79EFBC}") = "IpLookupProxy.Api", "src\IpLookupProxy.Api.csproj", "{84614938-20D0-456F-859F-CB8B7E213958}"
EndProject
Global
	GlobalSection(SolutionConfigurationPlatforms) = preSolution
		Debug|Any CPU = Debug|Any CPU
		Release|Any CPU = Release|Any CPU
	EndGlobalSection
	GlobalSection(ProjectConfigurationPlatforms) = postSolution
		{84614938-20D0-456F-859F-CB8B7E213958}.Debug|Any CPU.ActiveCfg = Debug|Any CPU
		{84614938-20D0-456F-859F-CB8B7E213958}.Debug|Any CPU.Build.0 = Debug|Any CPU
		{84614938-20D0-456F-859F-CB8B7E213958}.Release|Any CPU.ActiveCfg = Release|Any CPU
		{84614938-20D0-456F-859F-CB8B7E213958}.Release|Any CPU.Build.0 = Release|Any CPU
	EndGlobalSection
	GlobalSection(SolutionProperties) = preSolution
		HideSolutionNode = FALSE
	EndGlobalSection
	GlobalSection(ExtensibilityGlobals) = postSolution
		SolutionGuid = {BE815571-2C63-4A05-BA0C-36EBA27EE54E}
	EndGlobalSection
EndGlobal
